
Microsoft Visual Studio Solution File, Format Version 12.00
# Visual Studio Version 17
VisualStudioVersion = 17.0.31903.59
MinimumVisualStudioVersion = 10.0.40219.1
Project("{FAE04EC0-301F-11D3-BF4B-00C04F79EFBC}") = "MysticBoostTodo.Api", "MysticBoostTodo.Api\MysticBoostTodo.Api.csproj", "{A4DD3457-7F88-4D0D-883F-C3B70E0CA81D}"
EndProject
Project("{FAE04EC0-301F-11D3-BF4B-00C04F79EFBC}") = "MysticBoostTodo.Core", "MysticBoostTodo.Core\MysticBoostTodo.Core.csproj", "{A051B51B-34BB-4D54-99F8-67872104C7AD}"
EndProject
Project("{FAE04EC0-301F-11D3-BF4B-00C04F79EFBC}") = "MysticBoostTodo.Infrastructure", "MysticBoostTodo.Infrastructure\MysticBoostTodo.Infrastructure.csproj", "{A7F6402E-383F-40E4-BCF1-5676E37C5591}"
EndProject
Project("{FAE04EC0-301F-11D3-BF4B-00C04F79EFBC}") = "MysticBoostTodo.Tests", "MysticBoostTodo.Tests\MysticBoostTodo.Tests.csproj", "{60287BE1-3F0D-4270-B791-B00D85E906EF}"
EndProject
Global
	GlobalSection(SolutionConfigurationPlatforms) = preSolution
		Debug|Any CPU = Debug|Any CPU
		Release|Any CPU = Release|Any CPU
	EndGlobalSection
	GlobalSection(SolutionProperties) = preSolution
		HideSolutionNode = FALSE
	EndGlobalSection
	GlobalSection(ProjectConfigurationPlatforms) = postSolution
		{A4DD3457-7F88-4D0D-883F-C3B70E0CA81D}.Debug|Any CPU.ActiveCfg = Debug|Any CPU
		{A4DD3457-7F88-4D0D-883F-C3B70E0CA81D}.Debug|Any CPU.Build.0 = Debug|Any CPU
		{A4DD3457-7F88-4D0D-883F-C3B70E0CA81D}.Release|Any CPU.ActiveCfg = Release|Any CPU
		{A4DD3457-7F88-4D0D-883F-C3B70E0CA81D}.Release|Any CPU.Build.0 = Release|Any CPU
		{A051B51B-34BB-4D54-99F8-67872104C7AD}.Debug|Any CPU.ActiveCfg = Debug|Any CPU
		{A051B51B-34BB-4D54-99F8-67872104C7AD}.Debug|Any CPU.Build.0 = Debug|Any CPU
		{A051B51B-34BB-4D54-99F8-67872104C7AD}.Release|Any CPU.ActiveCfg = Release|Any CPU
		{A051B51B-34BB-4D54-99F8-67872104C7AD}.Release|Any CPU.Build.0 = Release|Any CPU
		{A7F6402E-383F-40E4-BCF1-5676E37C5591}.Debug|Any CPU.ActiveCfg = Debug|Any CPU
		{A7F6402E-383F-40E4-BCF1-5676E37C5591}.Debug|Any CPU.Build.0 = Debug|Any CPU
		{A7F6402E-383F-40E4-BCF1-5676E37C5591}.Release|Any CPU.ActiveCfg = Release|Any CPU
		{A7F6402E-383F-40E4-BCF1-5676E37C5591}.Release|Any CPU.Build.0 = Release|Any CPU
		{60287BE1-3F0D-4270-B791-B00D85E906EF}.Debug|Any CPU.ActiveCfg = Debug|Any CPU
		{60287BE1-3F0D-4270-B791-B00D85E906EF}.Debug|Any CPU.Build.0 = Debug|Any CPU
		{60287BE1-3F0D-4270-B791-B00D85E906EF}.Release|Any CPU.ActiveCfg = Release|Any CPU
		{60287BE1-3F0D-4270-B791-B00D85E906EF}.Release|Any CPU.Build.0 = Release|Any CPU
	EndGlobalSection
EndGlobal
